// !$*UTF8*$!
{
	archiveVersion = 1;
	classes = {
	};
	objectVersion = 50;
	objects = {

/* Begin PBXBuildFile section */
		701CE416247022070019AE3A /* AppDelegate.swift in Sources */ = {isa = PBXBuildFile; fileRef = 701CE415247022070019AE3A /* AppDelegate.swift */; };
		701CE418247022070019AE3A /* SceneDelegate.swift in Sources */ = {isa = PBXBuildFile; fileRef = 701CE417247022070019AE3A /* SceneDelegate.swift */; };
		701CE41A247022070019AE3A /* MainViewController.swift in Sources */ = {isa = PBXBuildFile; fileRef = 701CE419247022070019AE3A /* MainViewController.swift */; };
		701CE41F2470220A0019AE3A /* Assets.xcassets in Resources */ = {isa = PBXBuildFile; fileRef = 701CE41E2470220A0019AE3A /* Assets.xcassets */; };
		701CE4222470220A0019AE3A /* LaunchScreen.storyboard in Resources */ = {isa = PBXBuildFile; fileRef = 701CE4202470220A0019AE3A /* LaunchScreen.storyboard */; };
		701CE42A24702AE50019AE3A /* SearchCollectionViewCell.swift in Sources */ = {isa = PBXBuildFile; fileRef = 701CE42924702AE50019AE3A /* SearchCollectionViewCell.swift */; };
		701CE430247164C30019AE3A /* JobDetailsViewController.swift in Sources */ = {isa = PBXBuildFile; fileRef = 701CE42F247164C30019AE3A /* JobDetailsViewController.swift */; };
		701CE4322472D47A0019AE3A /* Helpers+Extensions.swift in Sources */ = {isa = PBXBuildFile; fileRef = 701CE4312472D47A0019AE3A /* Helpers+Extensions.swift */; };
		702333A60B73182B2E7A0C41 /* Pods_GitHubJobsApi.framework in Frameworks */ = {isa = PBXBuildFile; fileRef = 43378A44C038C161388B8581 /* Pods_GitHubJobsApi.framework */; };
		70361B63248BDB3100AB08FF /* ResultsModel.swift in Sources */ = {isa = PBXBuildFile; fileRef = 70361B62248BDB3100AB08FF /* ResultsModel.swift */; };
		70361B65248BDD3B00AB08FF /* ErrorMessage.swift in Sources */ = {isa = PBXBuildFile; fileRef = 70361B64248BDD3B00AB08FF /* ErrorMessage.swift */; };
		70361B69248BE18C00AB08FF /* Service.swift in Sources */ = {isa = PBXBuildFile; fileRef = 70361B68248BE18C00AB08FF /* Service.swift */; };
/* End PBXBuildFile section */

/* Begin PBXFileReference section */
		43378A44C038C161388B8581 /* Pods_GitHubJobsApi.framework */ = {isa = PBXFileReference; explicitFileType = wrapper.framework; includeInIndex = 0; path = Pods_GitHubJobsApi.framework; sourceTree = BUILT_PRODUCTS_DIR; };
		701CE412247022070019AE3A /* GitHubJobsApi.app */ = {isa = PBXFileReference; explicitFileType = wrapper.application; includeInIndex = 0; path = GitHubJobsApi.app; sourceTree = BUILT_PRODUCTS_DIR; };
		701CE415247022070019AE3A /* AppDelegate.swift */ = {isa = PBXFileReference; lastKnownFileType = sourcecode.swift; path = AppDelegate.swift; sourceTree = "<group>"; };
		701CE417247022070019AE3A /* SceneDelegate.swift */ = {isa = PBXFileReference; lastKnownFileType = sourcecode.swift; path = SceneDelegate.swift; sourceTree = "<group>"; };
		701CE419247022070019AE3A /* MainViewController.swift */ = {isa = PBXFileReference; lastKnownFileType = sourcecode.swift; path = MainViewController.swift; sourceTree = "<group>"; };
		701CE41E2470220A0019AE3A /* Assets.xcassets */ = {isa = PBXFileReference; lastKnownFileType = folder.assetcatalog; path = Assets.xcassets; sourceTree = "<group>"; };
		701CE4212470220A0019AE3A /* Base */ = {isa = PBXFileReference; lastKnownFileType = file.storyboard; name = Base; path = Base.lproj/LaunchScreen.storyboard; sourceTree = "<group>"; };
		701CE4232470220A0019AE3A /* Info.plist */ = {isa = PBXFileReference; lastKnownFileType = text.plist.xml; path = Info.plist; sourceTree = "<group>"; };
		701CE42924702AE50019AE3A /* SearchCollectionViewCell.swift */ = {isa = PBXFileReference; lastKnownFileType = sourcecode.swift; path = SearchCollectionViewCell.swift; sourceTree = "<group>"; };
		701CE42F247164C30019AE3A /* JobDetailsViewController.swift */ = {isa = PBXFileReference; lastKnownFileType = sourcecode.swift; path = JobDetailsViewController.swift; sourceTree = "<group>"; };
		701CE4312472D47A0019AE3A /* Helpers+Extensions.swift */ = {isa = PBXFileReference; lastKnownFileType = sourcecode.swift; path = "Helpers+Extensions.swift"; sourceTree = "<group>"; };
		70361B62248BDB3100AB08FF /* ResultsModel.swift */ = {isa = PBXFileReference; lastKnownFileType = sourcecode.swift; path = ResultsModel.swift; sourceTree = "<group>"; };
		70361B64248BDD3B00AB08FF /* ErrorMessage.swift */ = {isa = PBXFileReference; lastKnownFileType = sourcecode.swift; path = ErrorMessage.swift; sourceTree = "<group>"; };
		70361B68248BE18C00AB08FF /* Service.swift */ = {isa = PBXFileReference; lastKnownFileType = sourcecode.swift; path = Service.swift; sourceTree = "<group>"; };
		A4D74581FF6F4BBD63EA67D4 /* Pods-GitHubJobsApi.debug.xcconfig */ = {isa = PBXFileReference; includeInIndex = 1; lastKnownFileType = text.xcconfig; name = "Pods-GitHubJobsApi.debug.xcconfig"; path = "Target Support Files/Pods-GitHubJobsApi/Pods-GitHubJobsApi.debug.xcconfig"; sourceTree = "<group>"; };
		D863BA8805F8EC7BA20AA217 /* Pods-GitHubJobsApi.release.xcconfig */ = {isa = PBXFileReference; includeInIndex = 1; lastKnownFileType = text.xcconfig; name = "Pods-GitHubJobsApi.release.xcconfig"; path = "Target Support Files/Pods-GitHubJobsApi/Pods-GitHubJobsApi.release.xcconfig"; sourceTree = "<group>"; };
/* End PBXFileReference section */

/* Begin PBXFrameworksBuildPhase section */
		701CE40F247022070019AE3A /* Frameworks */ = {
			isa = PBXFrameworksBuildPhase;
			buildActionMask = 2147483647;
			files = (
				702333A60B73182B2E7A0C41 /* Pods_GitHubJobsApi.framework in Frameworks */,
			);
			runOnlyForDeploymentPostprocessing = 0;
		};
/* End PBXFrameworksBuildPhase section */

/* Begin PBXGroup section */
		68A661D97D278712002CF7D2 /* Frameworks */ = {
			isa = PBXGroup;
			children = (
				43378A44C038C161388B8581 /* Pods_GitHubJobsApi.framework */,
			);
			name = Frameworks;
			sourceTree = "<group>";
		};
		701CE409247022070019AE3A = {
			isa = PBXGroup;
			children = (
				701CE414247022070019AE3A /* GitHubJobsApi */,
				701CE413247022070019AE3A /* Products */,
				AEE8343C84363CFC87BEE0B8 /* Pods */,
				68A661D97D278712002CF7D2 /* Frameworks */,
			);
			sourceTree = "<group>";
		};
		701CE413247022070019AE3A /* Products */ = {
			isa = PBXGroup;
			children = (
				701CE412247022070019AE3A /* GitHubJobsApi.app */,
			);
			name = Products;
			sourceTree = "<group>";
		};
		701CE414247022070019AE3A /* GitHubJobsApi */ = {
			isa = PBXGroup;
			children = (
				70361B67248BDFA500AB08FF /* Service */,
				70361B66248BDF9100AB08FF /* ErrorMessage */,
				70361B61248BDB0E00AB08FF /* Models */,
				701CE4332472D4AA0019AE3A /* Helpers */,
				701CE42C247164640019AE3A /* ViewControllers */,
				701CE42B24702AEC0019AE3A /* UIViews */,
				701CE415247022070019AE3A /* AppDelegate.swift */,
				701CE417247022070019AE3A /* SceneDelegate.swift */,
				701CE41E2470220A0019AE3A /* Assets.xcassets */,
				701CE4202470220A0019AE3A /* LaunchScreen.storyboard */,
				701CE4232470220A0019AE3A /* Info.plist */,
			);
			path = GitHubJobsApi;
			sourceTree = "<group>";
		};
		701CE42B24702AEC0019AE3A /* UIViews */ = {
			isa = PBXGroup;
			children = (
				701CE42924702AE50019AE3A /* SearchCollectionViewCell.swift */,
			);
			path = UIViews;
			sourceTree = "<group>";
		};
		701CE42C247164640019AE3A /* ViewControllers */ = {
			isa = PBXGroup;
			children = (
				701CE419247022070019AE3A /* MainViewController.swift */,
				701CE42F247164C30019AE3A /* JobDetailsViewController.swift */,
			);
			path = ViewControllers;
			sourceTree = "<group>";
		};
		701CE4332472D4AA0019AE3A /* Helpers */ = {
			isa = PBXGroup;
			children = (
				701CE4312472D47A0019AE3A /* Helpers+Extensions.swift */,
			);
			path = Helpers;
			sourceTree = "<group>";
		};
		70361B61248BDB0E00AB08FF /* Models */ = {
			isa = PBXGroup;
			children = (
				70361B62248BDB3100AB08FF /* ResultsModel.swift */,
			);
			path = Models;
			sourceTree = "<group>";
		};
		70361B66248BDF9100AB08FF /* ErrorMessage */ = {
			isa = PBXGroup;
			children = (
				70361B64248BDD3B00AB08FF /* ErrorMessage.swift */,
			);
			path = ErrorMessage;
			sourceTree = "<group>";
		};
		70361B67248BDFA500AB08FF /* Service */ = {
			isa = PBXGroup;
			children = (
				70361B68248BE18C00AB08FF /* Service.swift */,
			);
			path = Service;
			sourceTree = "<group>";
		};
		AEE8343C84363CFC87BEE0B8 /* Pods */ = {
			isa = PBXGroup;
			children = (
				A4D74581FF6F4BBD63EA67D4 /* Pods-GitHubJobsApi.debug.xcconfig */,
				D863BA8805F8EC7BA20AA217 /* Pods-GitHubJobsApi.release.xcconfig */,
			);
			name = Pods;
			path = Pods;
			sourceTree = "<group>";
		};
/* End PBXGroup section */

/* Begin PBXNativeTarget section */
		701CE411247022070019AE3A /* GitHubJobsApi */ = {
			isa = PBXNativeTarget;
			buildConfigurationList = 701CE4262470220A0019AE3A /* Build configuration list for PBXNativeTarget "GitHubJobsApi" */;
			buildPhases = (
				DF6BD291FEBA2AC1E0EFFA8B /* [CP] Check Pods Manifest.lock */,
				701CE40E247022070019AE3A /* Sources */,
				701CE40F247022070019AE3A /* Frameworks */,
				701CE410247022070019AE3A /* Resources */,
				943DDA203A5073822EC1DDB1 /* [CP] Embed Pods Frameworks */,
			);
			buildRules = (
			);
			dependencies = (
			);
			name = GitHubJobsApi;
			productName = GitHubJobsApi;
			productReference = 701CE412247022070019AE3A /* GitHubJobsApi.app */;
			productType = "com.apple.product-type.application";
		};
/* End PBXNativeTarget section */

/* Begin PBXProject section */
		701CE40A247022070019AE3A /* Project object */ = {
			isa = PBXProject;
			attributes = {
				LastSwiftUpdateCheck = 1140;
				LastUpgradeCheck = 1140;
				ORGANIZATIONNAME = "Hadir Samir";
				TargetAttributes = {
					701CE411247022070019AE3A = {
						CreatedOnToolsVersion = 11.4.1;
					};
				};
			};
			buildConfigurationList = 701CE40D247022070019AE3A /* Build configuration list for PBXProject "GitHubJobsApi" */;
			compatibilityVersion = "Xcode 9.3";
			developmentRegion = en;
			hasScannedForEncodings = 0;
			knownRegions = (
				en,
				Base,
			);
			mainGroup = 701CE409247022070019AE3A;
			productRefGroup = 701CE413247022070019AE3A /* Products */;
			projectDirPath = "";
			projectRoot = "";
			targets = (
				701CE411247022070019AE3A /* GitHubJobsApi */,
			);
		};
/* End PBXProject section */

/* Begin PBXResourcesBuildPhase section */
		701CE410247022070019AE3A /* Resources */ = {
			isa = PBXResourcesBuildPhase;
			buildActionMask = 2147483647;
			files = (
				701CE4222470220A0019AE3A /* LaunchScreen.storyboard in Resources */,
				701CE41F2470220A0019AE3A /* Assets.xcassets in Resources */,
			);
			runOnlyForDeploymentPostprocessing = 0;
		};
/* End PBXResourcesBuildPhase section */

/* Begin PBXShellScriptBuildPhase section */
		943DDA203A5073822EC1DDB1 /* [CP] Embed Pods Frameworks */ = {
			isa = PBXShellScriptBuildPhase;
			buildActionMask = 2147483647;
			files = (
			);
			inputFileListPaths = (
				"${PODS_ROOT}/Target Support Files/Pods-GitHubJobsApi/Pods-GitHubJobsApi-frameworks-${CONFIGURATION}-input-files.xcfilelist",
			);
			name = "[CP] Embed Pods Frameworks";
			outputFileListPaths = (
				"${PODS_ROOT}/Target Support Files/Pods-GitHubJobsApi/Pods-GitHubJobsApi-frameworks-${CONFIGURATION}-output-files.xcfilelist",
			);
			runOnlyForDeploymentPostprocessing = 0;
			shellPath = /bin/sh;
			shellScript = "\"${PODS_ROOT}/Target Support Files/Pods-GitHubJobsApi/Pods-GitHubJobsApi-frameworks.sh\"\n";
			showEnvVarsInLog = 0;
		};
		DF6BD291FEBA2AC1E0EFFA8B /* [CP] Check Pods Manifest.lock */ = {
			isa = PBXShellScriptBuildPhase;
			buildActionMask = 2147483647;
			files = (
			);
			inputFileListPaths = (
			);
			inputPaths = (
				"${PODS_PODFILE_DIR_PATH}/Podfile.lock",
				"${PODS_ROOT}/Manifest.lock",
			);
			name = "[CP] Check Pods Manifest.lock";
			outputFileListPaths = (
			);
			outputPaths = (
				"$(DERIVED_FILE_DIR)/Pods-GitHubJobsApi-checkManifestLockResult.txt",
			);
			runOnlyForDeploymentPostprocessing = 0;
			shellPath = /bin/sh;
			shellScript = "diff \"${PODS_PODFILE_DIR_PATH}/Podfile.lock\" \"${PODS_ROOT}/Manifest.lock\" > /dev/null\nif [ $? != 0 ] ; then\n    # print error to STDERR\n    echo \"error: The sandbox is not in sync with the Podfile.lock. Run 'pod install' or update your CocoaPods installation.\" >&2\n    exit 1\nfi\n# This output is used by Xcode 'outputs' to avoid re-running this script phase.\necho \"SUCCESS\" > \"${SCRIPT_OUTPUT_FILE_0}\"\n";
			showEnvVarsInLog = 0;
		};
/* End PBXShellScriptBuildPhase section */

/* Begin PBXSourcesBuildPhase section */
		701CE40E247022070019AE3A /* Sources */ = {
			isa = PBXSourcesBuildPhase;
			buildActionMask = 2147483647;
			files = (
				701CE41A247022070019AE3A /* MainViewController.swift in Sources */,
				701CE416247022070019AE3A /* AppDelegate.swift in Sources */,
				701CE42A24702AE50019AE3A /* SearchCollectionViewCell.swift in Sources */,
				701CE418247022070019AE3A /* SceneDelegate.swift in Sources */,
				70361B65248BDD3B00AB08FF /* ErrorMessage.swift in Sources */,
				70361B69248BE18C00AB08FF /* Service.swift in Sources */,
				701CE430247164C30019AE3A /* JobDetailsViewController.swift in Sources */,
				70361B63248BDB3100AB08FF /* ResultsModel.swift in Sources */,
				701CE4322472D47A0019AE3A /* Helpers+Extensions.swift in Sources */,
			);
			runOnlyForDeploymentPostprocessing = 0;
		};
/* End PBXSourcesBuildPhase section */

/* Begin PBXVariantGroup section */
		701CE4202470220A0019AE3A /* LaunchScreen.storyboard */ = {
			isa = PBXVariantGroup;
			children = (
				701CE4212470220A0019AE3A /* Base */,
			);
			name = LaunchScreen.storyboard;
			sourceTree = "<group>";
		};
/* End PBXVariantGroup section */

/* Begin XCBuildConfiguration section */
		701CE4242470220A0019AE3A /* Debug */ = {
			isa = XCBuildConfiguration;
			buildSettings = {
				ALWAYS_SEARCH_USER_PATHS = NO;
				CLANG_ANALYZER_NONNULL = YES;
				CLANG_ANALYZER_NUMBER_OBJECT_CONVERSION = YES_AGGRESSIVE;
				CLANG_CXX_LANGUAGE_STANDARD = "gnu++14";
				CLANG_CXX_LIBRARY = "libc++";
				CLANG_ENABLE_MODULES = YES;
				CLANG_ENABLE_OBJC_ARC = YES;
				CLANG_ENABLE_OBJC_WEAK = YES;
				CLANG_WARN_BLOCK_CAPTURE_AUTORELEASING = YES;
				CLANG_WARN_BOOL_CONVERSION = YES;
				CLANG_WARN_COMMA = YES;
				CLANG_WARN_CONSTANT_CONVERSION = YES;
				CLANG_WARN_DEPRECATED_OBJC_IMPLEMENTATIONS = YES;
				CLANG_WARN_DIRECT_OBJC_ISA_USAGE = YES_ERROR;
				CLANG_WARN_DOCUMENTATION_COMMENTS = YES;
				CLANG_WARN_EMPTY_BODY = YES;
				CLANG_WARN_ENUM_CONVERSION = YES;
				CLANG_WARN_INFINITE_RECURSION = YES;
				CLANG_WARN_INT_CONVERSION = YES;
				CLANG_WARN_NON_LITERAL_NULL_CONVERSION = YES;
				CLANG_WARN_OBJC_IMPLICIT_RETAIN_SELF = YES;
				CLANG_WARN_OBJC_LITERAL_CONVERSION = YES;
				CLANG_WARN_OBJC_ROOT_CLASS = YES_ERROR;
				CLANG_WARN_RANGE_LOOP_ANALYSIS = YES;
				CLANG_WARN_STRICT_PROTOTYPES = YES;
				CLANG_WARN_SUSPICIOUS_MOVE = YES;
				CLANG_WARN_UNGUARDED_AVAILABILITY = YES_AGGRESSIVE;
				CLANG_WARN_UNREACHABLE_CODE = YES;
				CLANG_WARN__DUPLICATE_METHOD_MATCH = YES;
				COPY_PHASE_STRIP = NO;
				DEBUG_INFORMATION_FORMAT = dwarf;
				ENABLE_STRICT_OBJC_MSGSEND = YES;
				ENABLE_TESTABILITY = YES;
				GCC_C_LANGUAGE_STANDARD = gnu11;
				GCC_DYNAMIC_NO_PIC = NO;
				GCC_NO_COMMON_BLOCKS = YES;
				GCC_OPTIMIZATION_LEVEL = 0;
				GCC_PREPROCESSOR_DEFINITIONS = (
					"DEBUG=1",
					"$(inherited)",
				);
				GCC_WARN_64_TO_32_BIT_CONVERSION = YES;
				GCC_WARN_ABOUT_RETURN_TYPE = YES_ERROR;
				GCC_WARN_UNDECLARED_SELECTOR = YES;
				GCC_WARN_UNINITIALIZED_AUTOS = YES_AGGRESSIVE;
				GCC_WARN_UNUSED_FUNCTION = YES;
				GCC_WARN_UNUSED_VARIABLE = YES;
				IPHONEOS_DEPLOYMENT_TARGET = 13.4;
				MTL_ENABLE_DEBUG_INFO = INCLUDE_SOURCE;
				MTL_FAST_MATH = YES;
				ONLY_ACTIVE_ARCH = YES;
				SDKROOT = iphoneos;
				SWIFT_ACTIVE_COMPILATION_CONDITIONS = DEBUG;
				SWIFT_OPTIMIZATION_LEVEL = "-Onone";
			};
			name = Debug;
		};
		701CE4252470220A0019AE3A /* Release */ = {
			isa = XCBuildConfiguration;
			buildSettings = {
				ALWAYS_SEARCH_USER_PATHS = NO;
				CLANG_ANALYZER_NONNULL = YES;
				CLANG_ANALYZER_NUMBER_OBJECT_CONVERSION = YES_AGGRESSIVE;
				CLANG_CXX_LANGUAGE_STANDARD = "gnu++14";
				CLANG_CXX_LIBRARY = "libc++";
				CLANG_ENABLE_MODULES = YES;
				CLANG_ENABLE_OBJC_ARC = YES;
				CLANG_ENABLE_OBJC_WEAK = YES;
				CLANG_WARN_BLOCK_CAPTURE_AUTORELEASING = YES;
				CLANG_WARN_BOOL_CONVERSION = YES;
				CLANG_WARN_COMMA = YES;
				CLANG_WARN_CONSTANT_CONVERSION = YES;
				CLANG_WARN_DEPRECATED_OBJC_IMPLEMENTATIONS = YES;
				CLANG_WARN_DIRECT_OBJC_ISA_USAGE = YES_ERROR;
				CLANG_WARN_DOCUMENTATION_COMMENTS = YES;
				CLANG_WARN_EMPTY_BODY = YES;
				CLANG_WARN_ENUM_CONVERSION = YES;
				CLANG_WARN_INFINITE_RECURSION = YES;
				CLANG_WARN_INT_CONVERSION = YES;
				CLANG_WARN_NON_LITERAL_NULL_CONVERSION = YES;
				CLANG_WARN_OBJC_IMPLICIT_RETAIN_SELF = YES;
				CLANG_WARN_OBJC_LITERAL_CONVERSION = YES;
				CLANG_WARN_OBJC_ROOT_CLASS = YES_ERROR;
				CLANG_WARN_RANGE_LOOP_ANALYSIS = YES;
				CLANG_WARN_STRICT_PROTOTYPES = YES;
				CLANG_WARN_SUSPICIOUS_MOVE = YES;
				CLANG_WARN_UNGUARDED_AVAILABILITY = YES_AGGRESSIVE;
				CLANG_WARN_UNREACHABLE_CODE = YES;
				CLANG_WARN__DUPLICATE_METHOD_MATCH = YES;
				COPY_PHASE_STRIP = NO;
				DEBUG_INFORMATION_FORMAT = "dwarf-with-dsym";
				ENABLE_NS_ASSERTIONS = NO;
				ENABLE_STRICT_OBJC_MSGSEND = YES;
				GCC_C_LANGUAGE_STANDARD = gnu11;
				GCC_NO_COMMON_BLOCKS = YES;
				GCC_WARN_64_TO_32_BIT_CONVERSION = YES;
				GCC_WARN_ABOUT_RETURN_TYPE = YES_ERROR;
				GCC_WARN_UNDECLARED_SELECTOR = YES;
				GCC_WARN_UNINITIALIZED_AUTOS = YES_AGGRESSIVE;
				GCC_WARN_UNUSED_FUNCTION = YES;
				GCC_WARN_UNUSED_VARIABLE = YES;
				IPHONEOS_DEPLOYMENT_TARGET = 13.4;
				MTL_ENABLE_DEBUG_INFO = NO;
				MTL_FAST_MATH = YES;
				SDKROOT = iphoneos;
				SWIFT_COMPILATION_MODE = wholemodule;
				SWIFT_OPTIMIZATION_LEVEL = "-O";
				VALIDATE_PRODUCT = YES;
			};
			name = Release;
		};
		701CE4272470220A0019AE3A /* Debug */ = {
			isa = XCBuildConfiguration;
			baseConfigurationReference = A4D74581FF6F4BBD63EA67D4 /* Pods-GitHubJobsApi.debug.xcconfig */;
			buildSettings = {
				ASSETCATALOG_COMPILER_APPICON_NAME = AppIcon;
				CODE_SIGN_STYLE = Automatic;
				INFOPLIST_FILE = GitHubJobsApi/Info.plist;
				LD_RUNPATH_SEARCH_PATHS = (
					"$(inherited)",
					"@executable_path/Frameworks",
				);
				PRODUCT_BUNDLE_IDENTIFIER = hadir.GitHubJobsApi;
				PRODUCT_NAME = "$(TARGET_NAME)";
				SWIFT_VERSION = 5.0;
				TARGETED_DEVICE_FAMILY = "1,2";
			};
			name = Debug;
		};
		701CE4282470220A0019AE3A /* Release */ = {
			isa = XCBuildConfiguration;
			baseConfigurationReference = D863BA8805F8EC7BA20AA217 /* Pods-GitHubJobsApi.release.xcconfig */;
			buildSettings = {
				ASSETCATALOG_COMPILER_APPICON_NAME = AppIcon;
				CODE_SIGN_STYLE = Automatic;
				INFOPLIST_FILE = GitHubJobsApi/Info.plist;
				LD_RUNPATH_SEARCH_PATHS = (
					"$(inherited)",
					"@executable_path/Frameworks",
				);
				PRODUCT_BUNDLE_IDENTIFIER = hadir.GitHubJobsApi;
				PRODUCT_NAME = "$(TARGET_NAME)";
				SWIFT_VERSION = 5.0;
				TARGETED_DEVICE_FAMILY = "1,2";
			};
			name = Release;
		};
/* End XCBuildConfiguration section */

/* Begin XCConfigurationList section */
		701CE40D247022070019AE3A /* Build configuration list for PBXProject "GitHubJobsApi" */ = {
			isa = XCConfigurationList;
			buildConfigurations = (
				701CE4242470220A0019AE3A /* Debug */,
				701CE4252470220A0019AE3A /* Release */,
			);
			defaultConfigurationIsVisible = 0;
			defaultConfigurationName = Release;
		};
		701CE4262470220A0019AE3A /* Build configuration list for PBXNativeTarget "GitHubJobsApi" */ = {
			isa = XCConfigurationList;
			buildConfigurations = (
				701CE4272470220A0019AE3A /* Debug */,
				701CE4282470220A0019AE3A /* Release */,
			);
			defaultConfigurationIsVisible = 0;
			defaultConfigurationName = Release;
		};
/* End XCConfigurationList section */
	};
	rootObject = 701CE40A247022070019AE3A /* Project object */;
}
